{
  "name": "dynamic-plugins-custom-authentication-provider",
  "version": "1.0.0",
  "lockfileVersion": 3,
  "requires": true,
  "packages": {
    "": {
      "name": "dynamic-plugins-custom-authentication-provider",
      "version": "1.0.0",
      "dependencies": {
        "@yarnpkg/cli-dist": "^3.8.3",
        "corepack": "^0.32.0"
      },
      "engines": {
        "node": "18 || 20"
      }
    },
    "node_modules/@yarnpkg/cli-dist": {
      "version": "3.8.3",
      "resolved": "https://registry.npmjs.org/@yarnpkg/cli-dist/-/cli-dist-3.8.3.tgz",
      "integrity": "sha512-w88oPqVTjfQcUskPehmPGiEJy/QTOb+bUdGBWMFr1HIqW98L2MRUxxi9kJujGKKie+izsoIh6EJktuaD77s9hA==",
      "license": "BSD-2-Clause",
      "bin": {
        "yarn": "bin/yarn.js",
        "yarnpkg": "bin/yarn.js"
      },
      "engines": {
        "node": ">=12 <14 || 14.2 - 14.9 || >14.10.0"
      }
    }
  }
}
